
Microsoft Visual Studio Solution File, Format Version 12.00
# Visual Studio Version 17
VisualStudioVersion = 17.7.34024.191
MinimumVisualStudioVersion = 10.0.40219.1
Project("{FAE04EC0-301F-11D3-BF4B-00C04F79EFBC}") = "Test", "Test\Test.csproj", "{BE27D3A1-E35A-4003-8A86-5FF9F3C7979A}"
EndProject
Project("{FAE04EC0-301F-11D3-BF4B-00C04F79EFBC}") = "InspectorLib", "InspectorLib\InspectorLib.csproj", "{534BBDAF-DF63-42D0-ACAD-29DAB7BDDCB5}"
EndProject
Global
	GlobalSection(SolutionConfigurationPlatforms) = preSolution
		Debug|Any CPU = Debug|Any CPU
		Release|Any CPU = Release|Any CPU
	EndGlobalSection
	GlobalSection(ProjectConfigurationPlatforms) = postSolution
		{BE27D3A1-E35A-4003-8A86-5FF9F3C7979A}.Debug|Any CPU.ActiveCfg = Debug|Any CPU
		{BE27D3A1-E35A-4003-8A86-5FF9F3C7979A}.Debug|Any CPU.Build.0 = Debug|Any CPU
		{BE27D3A1-E35A-4003-8A86-5FF9F3C7979A}.Release|Any CPU.ActiveCfg = Release|Any CPU
		{BE27D3A1-E35A-4003-8A86-5FF9F3C7979A}.Release|Any CPU.Build.0 = Release|Any CPU
		{534BBDAF-DF63-42D0-ACAD-29DAB7BDDCB5}.Debug|Any CPU.ActiveCfg = Debug|Any CPU
		{534BBDAF-DF63-42D0-ACAD-29DAB7BDDCB5}.Debug|Any CPU.Build.0 = Debug|Any CPU
		{534BBDAF-DF63-42D0-ACAD-29DAB7BDDCB5}.Release|Any CPU.ActiveCfg = Release|Any CPU
		{534BBDAF-DF63-42D0-ACAD-29DAB7BDDCB5}.Release|Any CPU.Build.0 = Release|Any CPU
	EndGlobalSection
	GlobalSection(SolutionProperties) = preSolution
		HideSolutionNode = FALSE
	EndGlobalSection
	GlobalSection(ExtensibilityGlobals) = postSolution
		SolutionGuid = {7F303DC7-059D-48D3-B393-C6CF1120E81D}
	EndGlobalSection
EndGlobal
